{
  "name": "wordguess---copy",
  "version": "1.0.0",
  "lockfileVersion": 3,
  "requires": true,
  "packages": {
    "": {
      "name": "wordguess---copy",
      "version": "1.0.0",
      "license": "ISC",
      "dependencies": {
        "popular-english-words": "^1.0.2"
      }
    },
    "node_modules/popular-english-words": {
      "version": "1.0.2",
      "resolved": "https://registry.npmjs.org/popular-english-words/-/popular-english-words-1.0.2.tgz",
      "integrity": "sha512-vQiCBURYdNZP8yIvNQ76fOP5PKUs3tbv1LbQz5hbOVtK6deE8WBkJSYhn1asOqXIiT/iwrQvrwEfNsVrFuk7mw=="
    }
  }
}
